
Microsoft Visual Studio Solution File, Format Version 12.00
# Visual Studio 14
VisualStudioVersion = 14.0.25123.0
MinimumVisualStudioVersion = 10.0.40219.1
Project("{FAE04EC0-301F-11D3-BF4B-00C04F79EFBC}") = "ATT", "ATT\ATT.csproj", "{74697A82-0466-4F08-922A-F2FB609FE38F}"
EndProject
Project("{2150E333-8FDC-42A3-9474-1A3956D46DE8}") = "Solution Items", "Solution Items", "{F18AEB2F-68C1-4905-BAF2-010C30A4BE6F}"
	ProjectSection(SolutionItems) = preProject
		Question.txt = Question.txt
		XMLFile1.xml = XMLFile1.xml
	EndProjectSection
EndProject
Project("{FAE04EC0-301F-11D3-BF4B-00C04F79EFBC}") = "ATT.Data", "ATT.Data\ATT.Data.csproj", "{77ED0909-5DE3-414D-9CF4-AE71DA0A947A}"
EndProject
Project("{2150E333-8FDC-42A3-9474-1A3956D46DE8}") = "Docs", "Docs", "{B1D2ACC5-8A59-4C49-997F-BAC3596C4732}"
EndProject
Project("{FAE04EC0-301F-11D3-BF4B-00C04F79EFBC}") = "ATT.Scripts", "ATT.Scripts\ATT.Scripts.csproj", "{120F9B8F-EB97-44A0-8F30-E6692A65ECB2}"
EndProject
Project("{2150E333-8FDC-42A3-9474-1A3956D46DE8}") = "SQL", "SQL", "{9BAD54EC-15FA-4B75-9161-8D0C12E7E54E}"
EndProject
Project("{FAE04EC0-301F-11D3-BF4B-00C04F79EFBC}") = "ATT.Robot", "ATT.Robot\ATT.Robot.csproj", "{D90B7B0B-7A8B-4201-8503-4EB1600F09EB}"
EndProject
Project("{FAE04EC0-301F-11D3-BF4B-00C04F79EFBC}") = "ATT.Client", "ATT.Client\ATT.Client.csproj", "{C61F3171-D945-4917-8F1F-9A2EC171D560}"
EndProject
Project("{FAE04EC0-301F-11D3-BF4B-00C04F79EFBC}") = "AIF.Data", "AIF.Data\AIF.Data.csproj", "{726BB2EC-1069-4785-B783-76EF2364925C}"
EndProject
Project("{FAE04EC0-301F-11D3-BF4B-00C04F79EFBC}") = "SharedLib", "SharedLib\SharedLib.csproj", "{FB58C9E4-B0C9-4ADC-8D88-75F4F7CABA7C}"
EndProject
Project("{FAE04EC0-301F-11D3-BF4B-00C04F79EFBC}") = "AIF.Scripts", "AIF.Scripts\AIF.Scripts.csproj", "{A75F7A07-B6B7-41B5-A458-378DD12D206F}"
EndProject
Project("{FAE04EC0-301F-11D3-BF4B-00C04F79EFBC}") = "AIF.Client", "AIF.Client\AIF.Client.csproj", "{88944865-51C8-4C0D-AB9D-0500D60B42BA}"
EndProject
Project("{FAE04EC0-301F-11D3-BF4B-00C04F79EFBC}") = "SharedUserControl", "SharedUserControl\SharedUserControl.csproj", "{727AA053-C85B-4C77-9F7A-440371F3B99C}"
EndProject
Global
	GlobalSection(SolutionConfigurationPlatforms) = preSolution
		Debug|Any CPU = Debug|Any CPU
		Release|Any CPU = Release|Any CPU
	EndGlobalSection
	GlobalSection(ProjectConfigurationPlatforms) = postSolution
		{74697A82-0466-4F08-922A-F2FB609FE38F}.Debug|Any CPU.ActiveCfg = Debug|Any CPU
		{74697A82-0466-4F08-922A-F2FB609FE38F}.Debug|Any CPU.Build.0 = Debug|Any CPU
		{74697A82-0466-4F08-922A-F2FB609FE38F}.Release|Any CPU.ActiveCfg = Release|Any CPU
		{74697A82-0466-4F08-922A-F2FB609FE38F}.Release|Any CPU.Build.0 = Release|Any CPU
		{77ED0909-5DE3-414D-9CF4-AE71DA0A947A}.Debug|Any CPU.ActiveCfg = Debug|Any CPU
		{77ED0909-5DE3-414D-9CF4-AE71DA0A947A}.Debug|Any CPU.Build.0 = Debug|Any CPU
		{77ED0909-5DE3-414D-9CF4-AE71DA0A947A}.Release|Any CPU.ActiveCfg = Release|Any CPU
		{77ED0909-5DE3-414D-9CF4-AE71DA0A947A}.Release|Any CPU.Build.0 = Release|Any CPU
		{120F9B8F-EB97-44A0-8F30-E6692A65ECB2}.Debug|Any CPU.ActiveCfg = Debug|Any CPU
		{120F9B8F-EB97-44A0-8F30-E6692A65ECB2}.Debug|Any CPU.Build.0 = Debug|Any CPU
		{120F9B8F-EB97-44A0-8F30-E6692A65ECB2}.Release|Any CPU.ActiveCfg = Release|Any CPU
		{120F9B8F-EB97-44A0-8F30-E6692A65ECB2}.Release|Any CPU.Build.0 = Release|Any CPU
		{D90B7B0B-7A8B-4201-8503-4EB1600F09EB}.Debug|Any CPU.ActiveCfg = Debug|Any CPU
		{D90B7B0B-7A8B-4201-8503-4EB1600F09EB}.Debug|Any CPU.Build.0 = Debug|Any CPU
		{D90B7B0B-7A8B-4201-8503-4EB1600F09EB}.Release|Any CPU.ActiveCfg = Release|Any CPU
		{D90B7B0B-7A8B-4201-8503-4EB1600F09EB}.Release|Any CPU.Build.0 = Release|Any CPU
		{C61F3171-D945-4917-8F1F-9A2EC171D560}.Debug|Any CPU.ActiveCfg = Debug|Any CPU
		{C61F3171-D945-4917-8F1F-9A2EC171D560}.Debug|Any CPU.Build.0 = Debug|Any CPU
		{C61F3171-D945-4917-8F1F-9A2EC171D560}.Release|Any CPU.ActiveCfg = Release|Any CPU
		{C61F3171-D945-4917-8F1F-9A2EC171D560}.Release|Any CPU.Build.0 = Release|Any CPU
		{726BB2EC-1069-4785-B783-76EF2364925C}.Debug|Any CPU.ActiveCfg = Debug|Any CPU
		{726BB2EC-1069-4785-B783-76EF2364925C}.Debug|Any CPU.Build.0 = Debug|Any CPU
		{726BB2EC-1069-4785-B783-76EF2364925C}.Release|Any CPU.ActiveCfg = Release|Any CPU
		{726BB2EC-1069-4785-B783-76EF2364925C}.Release|Any CPU.Build.0 = Release|Any CPU
		{FB58C9E4-B0C9-4ADC-8D88-75F4F7CABA7C}.Debug|Any CPU.ActiveCfg = Debug|Any CPU
		{FB58C9E4-B0C9-4ADC-8D88-75F4F7CABA7C}.Debug|Any CPU.Build.0 = Debug|Any CPU
		{FB58C9E4-B0C9-4ADC-8D88-75F4F7CABA7C}.Release|Any CPU.ActiveCfg = Release|Any CPU
		{FB58C9E4-B0C9-4ADC-8D88-75F4F7CABA7C}.Release|Any CPU.Build.0 = Release|Any CPU
		{A75F7A07-B6B7-41B5-A458-378DD12D206F}.Debug|Any CPU.ActiveCfg = Debug|Any CPU
		{A75F7A07-B6B7-41B5-A458-378DD12D206F}.Debug|Any CPU.Build.0 = Debug|Any CPU
		{A75F7A07-B6B7-41B5-A458-378DD12D206F}.Release|Any CPU.ActiveCfg = Release|Any CPU
		{A75F7A07-B6B7-41B5-A458-378DD12D206F}.Release|Any CPU.Build.0 = Release|Any CPU
		{88944865-51C8-4C0D-AB9D-0500D60B42BA}.Debug|Any CPU.ActiveCfg = Debug|Any CPU
		{88944865-51C8-4C0D-AB9D-0500D60B42BA}.Debug|Any CPU.Build.0 = Debug|Any CPU
		{88944865-51C8-4C0D-AB9D-0500D60B42BA}.Release|Any CPU.ActiveCfg = Release|Any CPU
		{88944865-51C8-4C0D-AB9D-0500D60B42BA}.Release|Any CPU.Build.0 = Release|Any CPU
		{727AA053-C85B-4C77-9F7A-440371F3B99C}.Debug|Any CPU.ActiveCfg = Debug|Any CPU
		{727AA053-C85B-4C77-9F7A-440371F3B99C}.Debug|Any CPU.Build.0 = Debug|Any CPU
		{727AA053-C85B-4C77-9F7A-440371F3B99C}.Release|Any CPU.ActiveCfg = Release|Any CPU
		{727AA053-C85B-4C77-9F7A-440371F3B99C}.Release|Any CPU.Build.0 = Release|Any CPU
	EndGlobalSection
	GlobalSection(SolutionProperties) = preSolution
		HideSolutionNode = FALSE
	EndGlobalSection
	GlobalSection(NestedProjects) = preSolution
		{9BAD54EC-15FA-4B75-9161-8D0C12E7E54E} = {B1D2ACC5-8A59-4C49-997F-BAC3596C4732}
	EndGlobalSection
EndGlobal
